// !$*UTF8*$!
{
	archiveVersion = 1;
	classes = {
	};
	objectVersion = 46;
	objects = {

/* Begin PBXBuildFile section */
		520B6D3A87001F58B8E5A64D /* libPods.a in Frameworks */ = {isa = PBXBuildFile; fileRef = 77265FABA31D52A4AEA86146 /* libPods.a */; };
		D00151FA1B282734002B5AAF /* main.m in Sources */ = {isa = PBXBuildFile; fileRef = D00151F91B282734002B5AAF /* main.m */; };
		D00151FD1B282734002B5AAF /* AppDelegate.m in Sources */ = {isa = PBXBuildFile; fileRef = D00151FC1B282734002B5AAF /* AppDelegate.m */; };
		D00152001B282734002B5AAF /* ViewController.m in Sources */ = {isa = PBXBuildFile; fileRef = D00151FF1B282734002B5AAF /* ViewController.m */; };
		D00152031B282734002B5AAF /* Main.storyboard in Resources */ = {isa = PBXBuildFile; fileRef = D00152011B282734002B5AAF /* Main.storyboard */; };
		D00152051B282734002B5AAF /* Images.xcassets in Resources */ = {isa = PBXBuildFile; fileRef = D00152041B282734002B5AAF /* Images.xcassets */; };
		D00152081B282734002B5AAF /* LaunchScreen.xib in Resources */ = {isa = PBXBuildFile; fileRef = D00152061B282734002B5AAF /* LaunchScreen.xib */; };
		D00152141B282734002B5AAF /* AwesomeWebviewTests.m in Sources */ = {isa = PBXBuildFile; fileRef = D00152131B282734002B5AAF /* AwesomeWebviewTests.m */; };
		D028E83F1B2863170056DE94 /* Media in Resources */ = {isa = PBXBuildFile; fileRef = D028E83E1B2863170056DE94 /* Media */; };
		D05163641B28312800A39579 /* SystemConfiguration.framework in Frameworks */ = {isa = PBXBuildFile; fileRef = D05163631B28312800A39579 /* SystemConfiguration.framework */; };
		D051636D1B28353900A39579 /* Connectivity.m in Sources */ = {isa = PBXBuildFile; fileRef = D051636C1B28353900A39579 /* Connectivity.m */; };
		D08FC77F1B2AC98D0076F423 /* Cookies.m in Sources */ = {isa = PBXBuildFile; fileRef = D08FC77E1B2AC98D0076F423 /* Cookies.m */; };
/* End PBXBuildFile section */

/* Begin PBXContainerItemProxy section */
		D001520E1B282734002B5AAF /* PBXContainerItemProxy */ = {
			isa = PBXContainerItemProxy;
			containerPortal = D00151EC1B282733002B5AAF /* Project object */;
			proxyType = 1;
			remoteGlobalIDString = D00151F31B282734002B5AAF;
			remoteInfo = AwesomeWebview;
		};
/* End PBXContainerItemProxy section */

/* Begin PBXFileReference section */
		052A57329B899DC058E10D13 /* Pods.release.xcconfig */ = {isa = PBXFileReference; includeInIndex = 1; lastKnownFileType = text.xcconfig; name = Pods.release.xcconfig; path = "Pods/Target Support Files/Pods/Pods.release.xcconfig"; sourceTree = "<group>"; };
		77265FABA31D52A4AEA86146 /* libPods.a */ = {isa = PBXFileReference; explicitFileType = archive.ar; includeInIndex = 0; path = libPods.a; sourceTree = BUILT_PRODUCTS_DIR; };
		D00151F81B282734002B5AAF /* Info.plist */ = {isa = PBXFileReference; lastKnownFileType = text.plist.xml; path = Info.plist; sourceTree = "<group>"; };
		D00151F91B282734002B5AAF /* main.m */ = {isa = PBXFileReference; lastKnownFileType = sourcecode.c.objc; path = main.m; sourceTree = "<group>"; };
		D00151FB1B282734002B5AAF /* AppDelegate.h */ = {isa = PBXFileReference; lastKnownFileType = sourcecode.c.h; path = AppDelegate.h; sourceTree = "<group>"; };
		D00151FC1B282734002B5AAF /* AppDelegate.m */ = {isa = PBXFileReference; lastKnownFileType = sourcecode.c.objc; path = AppDelegate.m; sourceTree = "<group>"; };
		D00151FE1B282734002B5AAF /* ViewController.h */ = {isa = PBXFileReference; lastKnownFileType = sourcecode.c.h; path = ViewController.h; sourceTree = "<group>"; };
		D00151FF1B282734002B5AAF /* ViewController.m */ = {isa = PBXFileReference; lastKnownFileType = sourcecode.c.objc; path = ViewController.m; sourceTree = "<group>"; };
		D00152021B282734002B5AAF /* Base */ = {isa = PBXFileReference; lastKnownFileType = file.storyboard; name = Base; path = Base.lproj/Main.storyboard; sourceTree = "<group>"; };
		D00152041B282734002B5AAF /* Images.xcassets */ = {isa = PBXFileReference; lastKnownFileType = folder.assetcatalog; path = Images.xcassets; sourceTree = "<group>"; };
		D00152071B282734002B5AAF /* Base */ = {isa = PBXFileReference; lastKnownFileType = file.xib; name = Base; path = Base.lproj/LaunchScreen.xib; sourceTree = "<group>"; };
		D00152121B282734002B5AAF /* Info.plist */ = {isa = PBXFileReference; lastKnownFileType = text.plist.xml; path = Info.plist; sourceTree = "<group>"; };
		D00152131B282734002B5AAF /* AwesomeWebviewTests.m */ = {isa = PBXFileReference; lastKnownFileType = sourcecode.c.objc; path = AwesomeWebviewTests.m; sourceTree = "<group>"; };
		D027670A1C1B263A00BFCE8A /* Globals.h */ = {isa = PBXFileReference; fileEncoding = 4; lastKnownFileType = sourcecode.c.h; path = Globals.h; sourceTree = "<group>"; };
		D028E83E1B2863170056DE94 /* Media */ = {isa = PBXFileReference; lastKnownFileType = folder; path = Media; sourceTree = "<group>"; };
		D05163631B28312800A39579 /* SystemConfiguration.framework */ = {isa = PBXFileReference; lastKnownFileType = wrapper.framework; name = SystemConfiguration.framework; path = System/Library/Frameworks/SystemConfiguration.framework; sourceTree = SDKROOT; };
		D051636B1B28353900A39579 /* Connectivity.h */ = {isa = PBXFileReference; fileEncoding = 4; lastKnownFileType = sourcecode.c.h; path = Connectivity.h; sourceTree = "<group>"; };
		D051636C1B28353900A39579 /* Connectivity.m */ = {isa = PBXFileReference; fileEncoding = 4; lastKnownFileType = sourcecode.c.objc; path = Connectivity.m; sourceTree = "<group>"; };
		D068CCA91C1CB79F003505E9 /* Awesome-WebView.temp_caseinsensitive_rename.app */ = {isa = PBXFileReference; explicitFileType = wrapper.application; includeInIndex = 0; path = "Awesome-WebView.temp_caseinsensitive_rename.app"; sourceTree = BUILT_PRODUCTS_DIR; };
		D068CCAA1C1CB7A5003505E9 /* Awesome-WebView.temp_caseinsensitive_rename.xctest */ = {isa = PBXFileReference; explicitFileType = wrapper.cfbundle; includeInIndex = 0; path = "Awesome-WebView.temp_caseinsensitive_rename.xctest"; sourceTree = BUILT_PRODUCTS_DIR; };
		D08FC77D1B2AC98D0076F423 /* Cookies.h */ = {isa = PBXFileReference; fileEncoding = 4; lastKnownFileType = sourcecode.c.h; path = Cookies.h; sourceTree = "<group>"; };
		D08FC77E1B2AC98D0076F423 /* Cookies.m */ = {isa = PBXFileReference; fileEncoding = 4; lastKnownFileType = sourcecode.c.objc; path = Cookies.m; sourceTree = "<group>"; };
		DCE502EB86CF83A50F047790 /* Pods.debug.xcconfig */ = {isa = PBXFileReference; includeInIndex = 1; lastKnownFileType = text.xcconfig; name = Pods.debug.xcconfig; path = "Pods/Target Support Files/Pods/Pods.debug.xcconfig"; sourceTree = "<group>"; };
/* End PBXFileReference section */

/* Begin PBXFrameworksBuildPhase section */
		D00151F11B282734002B5AAF /* Frameworks */ = {
			isa = PBXFrameworksBuildPhase;
			buildActionMask = 2147483647;
			files = (
				D05163641B28312800A39579 /* SystemConfiguration.framework in Frameworks */,
				520B6D3A87001F58B8E5A64D /* libPods.a in Frameworks */,
			);
			runOnlyForDeploymentPostprocessing = 0;
		};
		D001520A1B282734002B5AAF /* Frameworks */ = {
			isa = PBXFrameworksBuildPhase;
			buildActionMask = 2147483647;
			files = (
			);
			runOnlyForDeploymentPostprocessing = 0;
		};
/* End PBXFrameworksBuildPhase section */

/* Begin PBXGroup section */
		3277D4CEF0B1351081EAE58F /* Pods */ = {
			isa = PBXGroup;
			children = (
				DCE502EB86CF83A50F047790 /* Pods.debug.xcconfig */,
				052A57329B899DC058E10D13 /* Pods.release.xcconfig */,
			);
			name = Pods;
			sourceTree = "<group>";
		};
		BA64CC1E09A14198F3AAA384 /* Frameworks */ = {
			isa = PBXGroup;
			children = (
				77265FABA31D52A4AEA86146 /* libPods.a */,
			);
			name = Frameworks;
			sourceTree = "<group>";
		};
		D00151EB1B282733002B5AAF = {
			isa = PBXGroup;
			children = (
				D00151F61B282734002B5AAF /* Awesome-WebView */,
				D00152101B282734002B5AAF /* Awesome-WebViewTests */,
				D05163631B28312800A39579 /* SystemConfiguration.framework */,
				D068CCA91C1CB79F003505E9 /* Awesome-WebView.temp_caseinsensitive_rename.app */,
				D068CCAA1C1CB7A5003505E9 /* Awesome-WebView.temp_caseinsensitive_rename.xctest */,
				3277D4CEF0B1351081EAE58F /* Pods */,
				BA64CC1E09A14198F3AAA384 /* Frameworks */,
			);
			sourceTree = "<group>";
		};
		D00151F61B282734002B5AAF /* Awesome-WebView */ = {
			isa = PBXGroup;
			children = (
				D00151F71B282734002B5AAF /* Supporting Files */,
				D00151FB1B282734002B5AAF /* AppDelegate.h */,
				D00151FC1B282734002B5AAF /* AppDelegate.m */,
				D051636B1B28353900A39579 /* Connectivity.h */,
				D051636C1B28353900A39579 /* Connectivity.m */,
				D08FC77D1B2AC98D0076F423 /* Cookies.h */,
				D08FC77E1B2AC98D0076F423 /* Cookies.m */,
				D027670A1C1B263A00BFCE8A /* Globals.h */,
				D00152041B282734002B5AAF /* Images.xcassets */,
				D00152061B282734002B5AAF /* LaunchScreen.xib */,
				D00152011B282734002B5AAF /* Main.storyboard */,
				D028E83E1B2863170056DE94 /* Media */,
				D00151FE1B282734002B5AAF /* ViewController.h */,
				D00151FF1B282734002B5AAF /* ViewController.m */,
			);
			path = "Awesome-WebView";
			sourceTree = "<group>";
		};
		D00151F71B282734002B5AAF /* Supporting Files */ = {
			isa = PBXGroup;
			children = (
				D00151F81B282734002B5AAF /* Info.plist */,
				D00151F91B282734002B5AAF /* main.m */,
			);
			path = "Supporting Files";
			sourceTree = "<group>";
		};
		D00152101B282734002B5AAF /* Awesome-WebViewTests */ = {
			isa = PBXGroup;
			children = (
				D00152111B282734002B5AAF /* Supporting Files */,
				D00152131B282734002B5AAF /* AwesomeWebviewTests.m */,
			);
			path = "Awesome-WebViewTests";
			sourceTree = "<group>";
		};
		D00152111B282734002B5AAF /* Supporting Files */ = {
			isa = PBXGroup;
			children = (
				D00152121B282734002B5AAF /* Info.plist */,
			);
			path = "Supporting Files";
			sourceTree = "<group>";
		};
/* End PBXGroup section */

/* Begin PBXNativeTarget section */
		D00151F31B282734002B5AAF /* Awesome-WebView */ = {
			isa = PBXNativeTarget;
			buildConfigurationList = D00152171B282734002B5AAF /* Build configuration list for PBXNativeTarget "Awesome-WebView" */;
			buildPhases = (
				8929E4DF4CB5E2387D4D002D /* Check Pods Manifest.lock */,
				D00151F01B282734002B5AAF /* Sources */,
				D00151F11B282734002B5AAF /* Frameworks */,
				D00151F21B282734002B5AAF /* Resources */,
				19C743909DBEF1C378BC0B17 /* Copy Pods Resources */,
				4B5AB649D261C98E8E205387 /* Embed Pods Frameworks */,
			);
			buildRules = (
			);
			dependencies = (
			);
			name = "Awesome-WebView";
			productName = AwesomeWebview;
			productReference = D068CCA91C1CB79F003505E9 /* Awesome-WebView.temp_caseinsensitive_rename.app */;
			productType = "com.apple.product-type.application";
		};
		D001520C1B282734002B5AAF /* Awesome-WebViewTests */ = {
			isa = PBXNativeTarget;
			buildConfigurationList = D001521A1B282734002B5AAF /* Build configuration list for PBXNativeTarget "Awesome-WebViewTests" */;
			buildPhases = (
				D00152091B282734002B5AAF /* Sources */,
				D001520A1B282734002B5AAF /* Frameworks */,
				D001520B1B282734002B5AAF /* Resources */,
			);
			buildRules = (
			);
			dependencies = (
				D001520F1B282734002B5AAF /* PBXTargetDependency */,
			);
			name = "Awesome-WebViewTests";
			productName = AwesomeWebviewTests;
			productReference = D068CCAA1C1CB7A5003505E9 /* Awesome-WebView.temp_caseinsensitive_rename.xctest */;
			productType = "com.apple.product-type.bundle.unit-test";
		};
/* End PBXNativeTarget section */

/* Begin PBXProject section */
		D00151EC1B282733002B5AAF /* Project object */ = {
			isa = PBXProject;
			attributes = {
				LastUpgradeCheck = 0710;
				ORGANIZATIONNAME = ciwix;
				TargetAttributes = {
					D00151F31B282734002B5AAF = {
						CreatedOnToolsVersion = 6.3.2;
					};
					D001520C1B282734002B5AAF = {
						CreatedOnToolsVersion = 6.3.2;
						TestTargetID = D00151F31B282734002B5AAF;
					};
				};
			};
			buildConfigurationList = D00151EF1B282733002B5AAF /* Build configuration list for PBXProject "Awesome-WebView" */;
			compatibilityVersion = "Xcode 3.2";
			developmentRegion = English;
			hasScannedForEncodings = 0;
			knownRegions = (
				en,
				Base,
			);
			mainGroup = D00151EB1B282733002B5AAF;
			productRefGroup = D00151EB1B282733002B5AAF;
			projectDirPath = "";
			projectRoot = "";
			targets = (
				D00151F31B282734002B5AAF /* Awesome-WebView */,
				D001520C1B282734002B5AAF /* Awesome-WebViewTests */,
			);
		};
/* End PBXProject section */

/* Begin PBXResourcesBuildPhase section */
		D00151F21B282734002B5AAF /* Resources */ = {
			isa = PBXResourcesBuildPhase;
			buildActionMask = 2147483647;
			files = (
				D028E83F1B2863170056DE94 /* Media in Resources */,
				D00152031B282734002B5AAF /* Main.storyboard in Resources */,
				D00152081B282734002B5AAF /* LaunchScreen.xib in Resources */,
				D00152051B282734002B5AAF /* Images.xcassets in Resources */,
			);
			runOnlyForDeploymentPostprocessing = 0;
		};
		D001520B1B282734002B5AAF /* Resources */ = {
			isa = PBXResourcesBuildPhase;
			buildActionMask = 2147483647;
			files = (
			);
			runOnlyForDeploymentPostprocessing = 0;
		};
/* End PBXResourcesBuildPhase section */

/* Begin PBXShellScriptBuildPhase section */
		19C743909DBEF1C378BC0B17 /* Copy Pods Resources */ = {
			isa = PBXShellScriptBuildPhase;
			buildActionMask = 2147483647;
			files = (
			);
			inputPaths = (
			);
			name = "Copy Pods Resources";
			outputPaths = (
			);
			runOnlyForDeploymentPostprocessing = 0;
			shellPath = /bin/sh;
			shellScript = "\"${SRCROOT}/Pods/Target Support Files/Pods/Pods-resources.sh\"\n";
			showEnvVarsInLog = 0;
		};
		4B5AB649D261C98E8E205387 /* Embed Pods Frameworks */ = {
			isa = PBXShellScriptBuildPhase;
			buildActionMask = 2147483647;
			files = (
			);
			inputPaths = (
			);
			name = "Embed Pods Frameworks";
			outputPaths = (
			);
			runOnlyForDeploymentPostprocessing = 0;
			shellPath = /bin/sh;
			shellScript = "\"${SRCROOT}/Pods/Target Support Files/Pods/Pods-frameworks.sh\"\n";
			showEnvVarsInLog = 0;
		};
		8929E4DF4CB5E2387D4D002D /* Check Pods Manifest.lock */ = {
			isa = PBXShellScriptBuildPhase;
			buildActionMask = 2147483647;
			files = (
			);
			inputPaths = (
			);
			name = "Check Pods Manifest.lock";
			outputPaths = (
			);
			runOnlyForDeploymentPostprocessing = 0;
			shellPath = /bin/sh;
			shellScript = "diff \"${PODS_ROOT}/../Podfile.lock\" \"${PODS_ROOT}/Manifest.lock\" > /dev/null\nif [[ $? != 0 ]] ; then\n    cat << EOM\nerror: The sandbox is not in sync with the Podfile.lock. Run 'pod install' or update your CocoaPods installation.\nEOM\n    exit 1\nfi\n";
			showEnvVarsInLog = 0;
		};
/* End PBXShellScriptBuildPhase section */

/* Begin PBXSourcesBuildPhase section */
		D00151F01B282734002B5AAF /* Sources */ = {
			isa = PBXSourcesBuildPhase;
			buildActionMask = 2147483647;
			files = (
				D051636D1B28353900A39579 /* Connectivity.m in Sources */,
				D00152001B282734002B5AAF /* ViewController.m in Sources */,
				D08FC77F1B2AC98D0076F423 /* Cookies.m in Sources */,
				D00151FD1B282734002B5AAF /* AppDelegate.m in Sources */,
				D00151FA1B282734002B5AAF /* main.m in Sources */,
			);
			runOnlyForDeploymentPostprocessing = 0;
		};
		D00152091B282734002B5AAF /* Sources */ = {
			isa = PBXSourcesBuildPhase;
			buildActionMask = 2147483647;
			files = (
				D00152141B282734002B5AAF /* AwesomeWebviewTests.m in Sources */,
			);
			runOnlyForDeploymentPostprocessing = 0;
		};
/* End PBXSourcesBuildPhase section */

/* Begin PBXTargetDependency section */
		D001520F1B282734002B5AAF /* PBXTargetDependency */ = {
			isa = PBXTargetDependency;
			target = D00151F31B282734002B5AAF /* Awesome-WebView */;
			targetProxy = D001520E1B282734002B5AAF /* PBXContainerItemProxy */;
		};
/* End PBXTargetDependency section */

/* Begin PBXVariantGroup section */
		D00152011B282734002B5AAF /* Main.storyboard */ = {
			isa = PBXVariantGroup;
			children = (
				D00152021B282734002B5AAF /* Base */,
			);
			name = Main.storyboard;
			path = .;
			sourceTree = "<group>";
		};
		D00152061B282734002B5AAF /* LaunchScreen.xib */ = {
			isa = PBXVariantGroup;
			children = (
				D00152071B282734002B5AAF /* Base */,
			);
			name = LaunchScreen.xib;
			path = .;
			sourceTree = "<group>";
		};
/* End PBXVariantGroup section */

/* Begin XCBuildConfiguration section */
		D00152151B282734002B5AAF /* Debug */ = {
			isa = XCBuildConfiguration;
			buildSettings = {
				ALWAYS_SEARCH_USER_PATHS = NO;
				CLANG_CXX_LANGUAGE_STANDARD = "gnu++0x";
				CLANG_CXX_LIBRARY = "libc++";
				CLANG_ENABLE_MODULES = YES;
				CLANG_ENABLE_OBJC_ARC = YES;
				CLANG_WARN_BOOL_CONVERSION = YES;
				CLANG_WARN_CONSTANT_CONVERSION = YES;
				CLANG_WARN_DIRECT_OBJC_ISA_USAGE = YES_ERROR;
				CLANG_WARN_EMPTY_BODY = YES;
				CLANG_WARN_ENUM_CONVERSION = YES;
				CLANG_WARN_INT_CONVERSION = YES;
				CLANG_WARN_OBJC_ROOT_CLASS = YES_ERROR;
				CLANG_WARN_UNREACHABLE_CODE = YES;
				CLANG_WARN__DUPLICATE_METHOD_MATCH = YES;
				"CODE_SIGN_IDENTITY[sdk=iphoneos*]" = "iPhone Developer";
				COPY_PHASE_STRIP = NO;
				DEBUG_INFORMATION_FORMAT = "dwarf-with-dsym";
				ENABLE_STRICT_OBJC_MSGSEND = YES;
				ENABLE_TESTABILITY = YES;
				GCC_C_LANGUAGE_STANDARD = gnu99;
				GCC_DYNAMIC_NO_PIC = NO;
				GCC_NO_COMMON_BLOCKS = YES;
				GCC_OPTIMIZATION_LEVEL = 0;
				GCC_PREPROCESSOR_DEFINITIONS = (
					"DEBUG=1",
					"$(inherited)",
				);
				GCC_SYMBOLS_PRIVATE_EXTERN = NO;
				GCC_WARN_64_TO_32_BIT_CONVERSION = YES;
				GCC_WARN_ABOUT_RETURN_TYPE = YES_ERROR;
				GCC_WARN_UNDECLARED_SELECTOR = YES;
				GCC_WARN_UNINITIALIZED_AUTOS = YES_AGGRESSIVE;
				GCC_WARN_UNUSED_FUNCTION = YES;
				GCC_WARN_UNUSED_VARIABLE = YES;
				IPHONEOS_DEPLOYMENT_TARGET = 8.4;
				MTL_ENABLE_DEBUG_INFO = YES;
				ONLY_ACTIVE_ARCH = YES;
				SDKROOT = iphoneos;
				TARGETED_DEVICE_FAMILY = "1,2";
			};
			name = Debug;
		};
		D00152161B282734002B5AAF /* Release */ = {
			isa = XCBuildConfiguration;
			buildSettings = {
				ALWAYS_SEARCH_USER_PATHS = NO;
				CLANG_CXX_LANGUAGE_STANDARD = "gnu++0x";
				CLANG_CXX_LIBRARY = "libc++";
				CLANG_ENABLE_MODULES = YES;
				CLANG_ENABLE_OBJC_ARC = YES;
				CLANG_WARN_BOOL_CONVERSION = YES;
				CLANG_WARN_CONSTANT_CONVERSION = YES;
				CLANG_WARN_DIRECT_OBJC_ISA_USAGE = YES_ERROR;
				CLANG_WARN_EMPTY_BODY = YES;
				CLANG_WARN_ENUM_CONVERSION = YES;
				CLANG_WARN_INT_CONVERSION = YES;
				CLANG_WARN_OBJC_ROOT_CLASS = YES_ERROR;
				CLANG_WARN_UNREACHABLE_CODE = YES;
				CLANG_WARN__DUPLICATE_METHOD_MATCH = YES;
				"CODE_SIGN_IDENTITY[sdk=iphoneos*]" = "iPhone Developer";
				COPY_PHASE_STRIP = NO;
				DEBUG_INFORMATION_FORMAT = "dwarf-with-dsym";
				ENABLE_NS_ASSERTIONS = NO;
				ENABLE_STRICT_OBJC_MSGSEND = YES;
				GCC_C_LANGUAGE_STANDARD = gnu99;
				GCC_NO_COMMON_BLOCKS = YES;
				GCC_WARN_64_TO_32_BIT_CONVERSION = YES;
				GCC_WARN_ABOUT_RETURN_TYPE = YES_ERROR;
				GCC_WARN_UNDECLARED_SELECTOR = YES;
				GCC_WARN_UNINITIALIZED_AUTOS = YES_AGGRESSIVE;
				GCC_WARN_UNUSED_FUNCTION = YES;
				GCC_WARN_UNUSED_VARIABLE = YES;
				IPHONEOS_DEPLOYMENT_TARGET = 8.4;
				MTL_ENABLE_DEBUG_INFO = NO;
				SDKROOT = iphoneos;
				TARGETED_DEVICE_FAMILY = "1,2";
				VALIDATE_PRODUCT = YES;
			};
			name = Release;
		};
		D00152181B282734002B5AAF /* Debug */ = {
			isa = XCBuildConfiguration;
			baseConfigurationReference = DCE502EB86CF83A50F047790 /* Pods.debug.xcconfig */;
			buildSettings = {
				ASSETCATALOG_COMPILER_APPICON_NAME = AppIcon;
				INFOPLIST_FILE = "$(SRCROOT)/Awesome-WebView/Supporting Files/Info.plist";
				LD_RUNPATH_SEARCH_PATHS = "$(inherited) @executable_path/Frameworks";
				PRODUCT_BUNDLE_IDENTIFIER = moe.lukas.awesomewebview;
				PRODUCT_NAME = "Awesome-WebView.temp_caseinsensitive_rename";
			};
			name = Debug;
		};
		D00152191B282734002B5AAF /* Release */ = {
			isa = XCBuildConfiguration;
			baseConfigurationReference = 052A57329B899DC058E10D13 /* Pods.release.xcconfig */;
			buildSettings = {
				ASSETCATALOG_COMPILER_APPICON_NAME = AppIcon;
				INFOPLIST_FILE = "$(SRCROOT)/Awesome-WebView/Supporting Files/Info.plist";
				LD_RUNPATH_SEARCH_PATHS = "$(inherited) @executable_path/Frameworks";
				PRODUCT_BUNDLE_IDENTIFIER = moe.lukas.awesomewebview;
				PRODUCT_NAME = "Awesome-WebView.temp_caseinsensitive_rename";
			};
			name = Release;
		};
		D001521B1B282734002B5AAF /* Debug */ = {
			isa = XCBuildConfiguration;
			buildSettings = {
				BUNDLE_LOADER = "$(TEST_HOST)";
				FRAMEWORK_SEARCH_PATHS = (
					"$(SDKROOT)/Developer/Library/Frameworks",
					"$(inherited)",
				);
				GCC_PREPROCESSOR_DEFINITIONS = (
					"DEBUG=1",
					"$(inherited)",
				);
				INFOPLIST_FILE = "AwesomeWebviewTests/Supporting Files/Info.plist";
				LD_RUNPATH_SEARCH_PATHS = "$(inherited) @executable_path/Frameworks @loader_path/Frameworks";
				PRODUCT_BUNDLE_IDENTIFIER = "me.ciwix.$(PRODUCT_NAME:rfc1034identifier)";
				PRODUCT_NAME = "Awesome-WebView.temp_caseinsensitive_rename";
				TEST_HOST = "$(BUILT_PRODUCTS_DIR)/Awesome-WebView.temp_caseinsensitive_rename.app/Awesome-WebView.temp_caseinsensitive_rename";
			};
			name = Debug;
		};
		D001521C1B282734002B5AAF /* Release */ = {
			isa = XCBuildConfiguration;
			buildSettings = {
				BUNDLE_LOADER = "$(TEST_HOST)";
				FRAMEWORK_SEARCH_PATHS = (
					"$(SDKROOT)/Developer/Library/Frameworks",
					"$(inherited)",
				);
				INFOPLIST_FILE = "AwesomeWebviewTests/Supporting Files/Info.plist";
				LD_RUNPATH_SEARCH_PATHS = "$(inherited) @executable_path/Frameworks @loader_path/Frameworks";
				PRODUCT_BUNDLE_IDENTIFIER = "me.ciwix.$(PRODUCT_NAME:rfc1034identifier)";
				PRODUCT_NAME = "Awesome-WebView.temp_caseinsensitive_rename";
				TEST_HOST = "$(BUILT_PRODUCTS_DIR)/Awesome-WebView.temp_caseinsensitive_rename.app/Awesome-WebView.temp_caseinsensitive_rename";
			};
			name = Release;
		};
/* End XCBuildConfiguration section */

/* Begin XCConfigurationList section */
		D00151EF1B282733002B5AAF /* Build configuration list for PBXProject "Awesome-WebView" */ = {
			isa = XCConfigurationList;
			buildConfigurations = (
				D00152151B282734002B5AAF /* Debug */,
				D00152161B282734002B5AAF /* Release */,
			);
			defaultConfigurationIsVisible = 0;
			defaultConfigurationName = Release;
		};
		D00152171B282734002B5AAF /* Build configuration list for PBXNativeTarget "Awesome-WebView" */ = {
			isa = XCConfigurationList;
			buildConfigurations = (
				D00152181B282734002B5AAF /* Debug */,
				D00152191B282734002B5AAF /* Release */,
			);
			defaultConfigurationIsVisible = 0;
			defaultConfigurationName = Release;
		};
		D001521A1B282734002B5AAF /* Build configuration list for PBXNativeTarget "Awesome-WebViewTests" */ = {
			isa = XCConfigurationList;
			buildConfigurations = (
				D001521B1B282734002B5AAF /* Debug */,
				D001521C1B282734002B5AAF /* Release */,
			);
			defaultConfigurationIsVisible = 0;
			defaultConfigurationName = Release;
		};
/* End XCConfigurationList section */
	};
	rootObject = D00151EC1B282733002B5AAF /* Project object */;
}
